
Microsoft Visual Studio Solution File, Format Version 12.00
# Visual Studio Version 17
VisualStudioVersion = 17.13.35806.99 d17.13
MinimumVisualStudioVersion = 10.0.40219.1
Project("{FAE04EC0-301F-11D3-BF4B-00C04F79EFBC}") = "Proyecto8Hilos", "Proyecto8Hilos\Proyecto8Hilos.csproj", "{3655AAB3-3C29-4616-A43B-D1BB051BFF74}"
EndProject
Global
	GlobalSection(SolutionConfigurationPlatforms) = preSolution
		Debug|Any CPU = Debug|Any CPU
		Release|Any CPU = Release|Any CPU
	EndGlobalSection
	GlobalSection(ProjectConfigurationPlatforms) = postSolution
		{3655AAB3-3C29-4616-A43B-D1BB051BFF74}.Debug|Any CPU.ActiveCfg = Debug|Any CPU
		{3655AAB3-3C29-4616-A43B-D1BB051BFF74}.Debug|Any CPU.Build.0 = Debug|Any CPU
		{3655AAB3-3C29-4616-A43B-D1BB051BFF74}.Release|Any CPU.ActiveCfg = Release|Any CPU
		{3655AAB3-3C29-4616-A43B-D1BB051BFF74}.Release|Any CPU.Build.0 = Release|Any CPU
	EndGlobalSection
	GlobalSection(SolutionProperties) = preSolution
		HideSolutionNode = FALSE
	EndGlobalSection
	GlobalSection(ExtensibilityGlobals) = postSolution
		SolutionGuid = {C6697E3A-DD27-48A1-B740-5308943CDCA0}
	EndGlobalSection
EndGlobal
